
Microsoft Visual Studio Solution File, Format Version 12.00
# Visual Studio Version 16
VisualStudioVersion = 16.0.29905.134
MinimumVisualStudioVersion = 10.0.40219.1
Project("{FAE04EC0-301F-11D3-BF4B-00C04F79EFBC}") = "JIL-AIS", "JIL-AIS\JIL-AIS.csproj", "{EAD97C5B-2141-47E0-BC75-A0D7D98F2A90}"
EndProject
Global
	GlobalSection(SolutionConfigurationPlatforms) = preSolution
		Debug|Any CPU = Debug|Any CPU
		Release|Any CPU = Release|Any CPU
	EndGlobalSection
	GlobalSection(ProjectConfigurationPlatforms) = postSolution
		{EAD97C5B-2141-47E0-BC75-A0D7D98F2A90}.Debug|Any CPU.ActiveCfg = Debug|Any CPU
		{EAD97C5B-2141-47E0-BC75-A0D7D98F2A90}.Debug|Any CPU.Build.0 = Debug|Any CPU
		{EAD97C5B-2141-47E0-BC75-A0D7D98F2A90}.Release|Any CPU.ActiveCfg = Release|Any CPU
		{EAD97C5B-2141-47E0-BC75-A0D7D98F2A90}.Release|Any CPU.Build.0 = Release|Any CPU
	EndGlobalSection
	GlobalSection(SolutionProperties) = preSolution
		HideSolutionNode = FALSE
	EndGlobalSection
	GlobalSection(ExtensibilityGlobals) = postSolution
		SolutionGuid = {55554AEB-09C1-4BF0-8014-2D6301B3C878}
	EndGlobalSection
EndGlobal
